
Microsoft Visual Studio Solution File, Format Version 12.00
# Visual Studio 2013
VisualStudioVersion = 12.0.40629.0
MinimumVisualStudioVersion = 10.0.40219.1
Project("{8BC9CEB8-8B4A-11D0-8D11-00A0C91BC942}") = "AltDrag", "AltDrag.vcxproj", "{5BF2FEF7-C87F-4FE0-9A0E-23E5721014C3}"
EndProject
Project("{8BC9CEB8-8B4A-11D0-8D11-00A0C91BC942}") = "hooks", "hooks.vcxproj", "{5B330449-B886-4F55-BDB2-4788CCA1A93C}"
EndProject
Global
	GlobalSection(SolutionConfigurationPlatforms) = preSolution
		Debug|Win32 = Debug|Win32
		Release|Win32 = Release|Win32
	EndGlobalSection
	GlobalSection(ProjectConfigurationPlatforms) = postSolution
		{5BF2FEF7-C87F-4FE0-9A0E-23E5721014C3}.Debug|Win32.ActiveCfg = Debug|Win32
		{5BF2FEF7-C87F-4FE0-9A0E-23E5721014C3}.Debug|Win32.Build.0 = Debug|Win32
		{5BF2FEF7-C87F-4FE0-9A0E-23E5721014C3}.Release|Win32.ActiveCfg = Release|Win32
		{5BF2FEF7-C87F-4FE0-9A0E-23E5721014C3}.Release|Win32.Build.0 = Release|Win32
		{5B330449-B886-4F55-BDB2-4788CCA1A93C}.Debug|Win32.ActiveCfg = Debug|Win32
		{5B330449-B886-4F55-BDB2-4788CCA1A93C}.Debug|Win32.Build.0 = Debug|Win32
		{5B330449-B886-4F55-BDB2-4788CCA1A93C}.Release|Win32.ActiveCfg = Release|Win32
		{5B330449-B886-4F55-BDB2-4788CCA1A93C}.Release|Win32.Build.0 = Release|Win32
	EndGlobalSection
	GlobalSection(SolutionProperties) = preSolution
		HideSolutionNode = FALSE
	EndGlobalSection
EndGlobal
